
Microsoft Visual Studio Solution File, Format Version 12.00
# Visual Studio Version 17
VisualStudioVersion = 17.5.002.0
MinimumVisualStudioVersion = 10.0.40219.1
Project("{9A19103F-16F7-4668-BE54-9A1E7A4F7556}") = "FirstApp", "FirstApp\FirstApp.csproj", "{CEBC75AC-9B6D-4FC6-A207-8C0822453C92}"
EndProject
Project("{9A19103F-16F7-4668-BE54-9A1E7A4F7556}") = "SecondApp", "SecondApp\SecondApp.csproj", "{18D7FA0D-2ACD-4EB2-9856-5B53995A2A33}"
EndProject
Global
	GlobalSection(SolutionConfigurationPlatforms) = preSolution
		Debug|Any CPU = Debug|Any CPU
		Release|Any CPU = Release|Any CPU
	EndGlobalSection
	GlobalSection(ProjectConfigurationPlatforms) = postSolution
		{CEBC75AC-9B6D-4FC6-A207-8C0822453C92}.Debug|Any CPU.ActiveCfg = Debug|Any CPU
		{CEBC75AC-9B6D-4FC6-A207-8C0822453C92}.Debug|Any CPU.Build.0 = Debug|Any CPU
		{CEBC75AC-9B6D-4FC6-A207-8C0822453C92}.Release|Any CPU.ActiveCfg = Release|Any CPU
		{CEBC75AC-9B6D-4FC6-A207-8C0822453C92}.Release|Any CPU.Build.0 = Release|Any CPU
		{18D7FA0D-2ACD-4EB2-9856-5B53995A2A33}.Debug|Any CPU.ActiveCfg = Debug|Any CPU
		{18D7FA0D-2ACD-4EB2-9856-5B53995A2A33}.Debug|Any CPU.Build.0 = Debug|Any CPU
		{18D7FA0D-2ACD-4EB2-9856-5B53995A2A33}.Release|Any CPU.ActiveCfg = Release|Any CPU
		{18D7FA0D-2ACD-4EB2-9856-5B53995A2A33}.Release|Any CPU.Build.0 = Release|Any CPU
	EndGlobalSection
	GlobalSection(SolutionProperties) = preSolution
		HideSolutionNode = FALSE
	EndGlobalSection
	GlobalSection(ExtensibilityGlobals) = postSolution
		SolutionGuid = {9E9DE283-88A1-42F5-8E5B-CCA928561FCC}
	EndGlobalSection
EndGlobal
